# This file is automatically @generated by Cargo.
# It is not intended for manual editing.
version = 4

[[package]]
name = "vellar-hermetic-no-such-crate"
version = "0.0.1"
source = "registry+https://github.com/rust-lang/crates.io-index"
checksum = "0000000000000000000000000000000000000000000000000000000000000000"

[[package]]
name = "vellar-hermetic-unresolvable"
version = "0.1.0"
dependencies = [
 "vellar-hermetic-no-such-crate",
]
